
Microsoft Visual Studio Solution File, Format Version 12.00
# Visual Studio 14
VisualStudioVersion = 14.0.25123.0
MinimumVisualStudioVersion = 10.0.40219.1
Project("{FAE04EC0-301F-11D3-BF4B-00C04F79EFBC}") = "AndroidShowcase.WebUI", "AndroidShowcase.WebUI\AndroidShowcase.WebUI.csproj", "{4161B8A8-FF49-413A-B2B7-7B0D36C531A9}"
EndProject
Project("{FAE04EC0-301F-11D3-BF4B-00C04F79EFBC}") = "AndroidShowcase.Business", "AndroidShowcase.Business\AndroidShowcase.Business.csproj", "{D58AAD6E-FE98-4CD9-999F-5285B107D756}"
EndProject
Global
	GlobalSection(SolutionConfigurationPlatforms) = preSolution
		Debug|Any CPU = Debug|Any CPU
		Release|Any CPU = Release|Any CPU
	EndGlobalSection
	GlobalSection(ProjectConfigurationPlatforms) = postSolution
		{4161B8A8-FF49-413A-B2B7-7B0D36C531A9}.Debug|Any CPU.ActiveCfg = Debug|Any CPU
		{4161B8A8-FF49-413A-B2B7-7B0D36C531A9}.Debug|Any CPU.Build.0 = Debug|Any CPU
		{4161B8A8-FF49-413A-B2B7-7B0D36C531A9}.Release|Any CPU.ActiveCfg = Release|Any CPU
		{4161B8A8-FF49-413A-B2B7-7B0D36C531A9}.Release|Any CPU.Build.0 = Release|Any CPU
		{D58AAD6E-FE98-4CD9-999F-5285B107D756}.Debug|Any CPU.ActiveCfg = Debug|Any CPU
		{D58AAD6E-FE98-4CD9-999F-5285B107D756}.Debug|Any CPU.Build.0 = Debug|Any CPU
		{D58AAD6E-FE98-4CD9-999F-5285B107D756}.Release|Any CPU.ActiveCfg = Release|Any CPU
		{D58AAD6E-FE98-4CD9-999F-5285B107D756}.Release|Any CPU.Build.0 = Release|Any CPU
	EndGlobalSection
	GlobalSection(SolutionProperties) = preSolution
		HideSolutionNode = FALSE
	EndGlobalSection
EndGlobal
